
Microsoft Visual Studio Solution File, Format Version 12.00
# Visual Studio 2013
VisualStudioVersion = 12.0.31101.0
MinimumVisualStudioVersion = 10.0.40219.1
Project("{FAE04EC0-301F-11D3-BF4B-00C04F79EFBC}") = "Logger", "Logger\Logger.csproj", "{348D08EC-E1D0-4274-B145-16C244D64886}"
EndProject
Project("{FAE04EC0-301F-11D3-BF4B-00C04F79EFBC}") = "Setting", "Setting\Setting.csproj", "{18C54348-613C-4711-B8FE-95F4C477ECDD}"
EndProject
Global
	GlobalSection(SolutionConfigurationPlatforms) = preSolution
		Debug|Any CPU = Debug|Any CPU
		Release|Any CPU = Release|Any CPU
	EndGlobalSection
	GlobalSection(ProjectConfigurationPlatforms) = postSolution
		{348D08EC-E1D0-4274-B145-16C244D64886}.Debug|Any CPU.ActiveCfg = Debug|Any CPU
		{348D08EC-E1D0-4274-B145-16C244D64886}.Debug|Any CPU.Build.0 = Debug|Any CPU
		{348D08EC-E1D0-4274-B145-16C244D64886}.Release|Any CPU.ActiveCfg = Release|Any CPU
		{348D08EC-E1D0-4274-B145-16C244D64886}.Release|Any CPU.Build.0 = Release|Any CPU
		{18C54348-613C-4711-B8FE-95F4C477ECDD}.Debug|Any CPU.ActiveCfg = Debug|Any CPU
		{18C54348-613C-4711-B8FE-95F4C477ECDD}.Debug|Any CPU.Build.0 = Debug|Any CPU
		{18C54348-613C-4711-B8FE-95F4C477ECDD}.Release|Any CPU.ActiveCfg = Release|Any CPU
		{18C54348-613C-4711-B8FE-95F4C477ECDD}.Release|Any CPU.Build.0 = Release|Any CPU
	EndGlobalSection
	GlobalSection(SolutionProperties) = preSolution
		HideSolutionNode = FALSE
	EndGlobalSection
EndGlobal
